// !$*UTF8*$!
{
	archiveVersion = 1;
	classes = {
	};
	objectVersion = 50;
	objects = {

/* Begin PBXBuildFile section */
		CB7F1B5F24762B9600783787 /* AppDelegate.swift in Sources */ = {isa = PBXBuildFile; fileRef = CB7F1B5E24762B9600783787 /* AppDelegate.swift */; };
		CB7F1B6124762B9600783787 /* ViewController.swift in Sources */ = {isa = PBXBuildFile; fileRef = CB7F1B6024762B9600783787 /* ViewController.swift */; };
		CB7F1B6324762B9700783787 /* Assets.xcassets in Resources */ = {isa = PBXBuildFile; fileRef = CB7F1B6224762B9700783787 /* Assets.xcassets */; };
		CB7F1B6624762B9700783787 /* Main.storyboard in Resources */ = {isa = PBXBuildFile; fileRef = CB7F1B6424762B9700783787 /* Main.storyboard */; };
		CB7F1B7524762C0E00783787 /* Cocoa.framework in Frameworks */ = {isa = PBXBuildFile; fileRef = CB7F1B7424762C0E00783787 /* Cocoa.framework */; };
		CB7F1B7824762C0E00783787 /* defaultBlockerList.json in Resources */ = {isa = PBXBuildFile; fileRef = CB7F1B7724762C0E00783787 /* defaultBlockerList.json */; };
		CB7F1B7A24762C0E00783787 /* ContentBlockerRequestHandler.swift in Sources */ = {isa = PBXBuildFile; fileRef = CB7F1B7924762C0E00783787 /* ContentBlockerRequestHandler.swift */; };
		CB7F1B7F24762C0E00783787 /* Content Blocker.appex in Embed App Extensions */ = {isa = PBXBuildFile; fileRef = CB7F1B7224762C0E00783787 /* Content Blocker.appex */; settings = {ATTRIBUTES = (RemoveHeadersOnCopy, ); }; };
		CB7F1B8524762C6C00783787 /* BlockableElementRow.swift in Sources */ = {isa = PBXBuildFile; fileRef = CB7F1B8424762C6C00783787 /* BlockableElementRow.swift */; };
/* End PBXBuildFile section */

/* Begin PBXContainerItemProxy section */
		CB7F1B7D24762C0E00783787 /* PBXContainerItemProxy */ = {
			isa = PBXContainerItemProxy;
			containerPortal = CB7F1B5324762B9600783787 /* Project object */;
			proxyType = 1;
			remoteGlobalIDString = CB7F1B7124762C0E00783787;
			remoteInfo = "Content Blocker";
		};
/* End PBXContainerItemProxy section */

/* Begin PBXCopyFilesBuildPhase section */
		CB7F1B8324762C0E00783787 /* Embed App Extensions */ = {
			isa = PBXCopyFilesBuildPhase;
			buildActionMask = 2147483647;
			dstPath = "";
			dstSubfolderSpec = 13;
			files = (
				CB7F1B7F24762C0E00783787 /* Content Blocker.appex in Embed App Extensions */,
			);
			name = "Embed App Extensions";
			runOnlyForDeploymentPostprocessing = 0;
		};
/* End PBXCopyFilesBuildPhase section */

/* Begin PBXFileReference section */
		CB7F1B5B24762B9600783787 /* Focus for YouTube.app */ = {isa = PBXFileReference; explicitFileType = wrapper.application; includeInIndex = 0; path = "Focus for YouTube.app"; sourceTree = BUILT_PRODUCTS_DIR; };
		CB7F1B5E24762B9600783787 /* AppDelegate.swift */ = {isa = PBXFileReference; lastKnownFileType = sourcecode.swift; path = AppDelegate.swift; sourceTree = "<group>"; };
		CB7F1B6024762B9600783787 /* ViewController.swift */ = {isa = PBXFileReference; lastKnownFileType = sourcecode.swift; path = ViewController.swift; sourceTree = "<group>"; };
		CB7F1B6224762B9700783787 /* Assets.xcassets */ = {isa = PBXFileReference; lastKnownFileType = folder.assetcatalog; path = Assets.xcassets; sourceTree = "<group>"; };
		CB7F1B6524762B9700783787 /* Base */ = {isa = PBXFileReference; lastKnownFileType = file.storyboard; name = Base; path = Base.lproj/Main.storyboard; sourceTree = "<group>"; };
		CB7F1B6724762B9700783787 /* Info.plist */ = {isa = PBXFileReference; lastKnownFileType = text.plist.xml; path = Info.plist; sourceTree = "<group>"; };
		CB7F1B6824762B9700783787 /* Focus_for_YouTube.entitlements */ = {isa = PBXFileReference; lastKnownFileType = text.plist.entitlements; path = Focus_for_YouTube.entitlements; sourceTree = "<group>"; };
		CB7F1B7224762C0E00783787 /* Content Blocker.appex */ = {isa = PBXFileReference; explicitFileType = "wrapper.app-extension"; includeInIndex = 0; path = "Content Blocker.appex"; sourceTree = BUILT_PRODUCTS_DIR; };
		CB7F1B7424762C0E00783787 /* Cocoa.framework */ = {isa = PBXFileReference; lastKnownFileType = wrapper.framework; name = Cocoa.framework; path = System/Library/Frameworks/Cocoa.framework; sourceTree = SDKROOT; };
		CB7F1B7724762C0E00783787 /* defaultBlockerList.json */ = {isa = PBXFileReference; lastKnownFileType = text.json; path = defaultBlockerList.json; sourceTree = "<group>"; };
		CB7F1B7924762C0E00783787 /* ContentBlockerRequestHandler.swift */ = {isa = PBXFileReference; lastKnownFileType = sourcecode.swift; path = ContentBlockerRequestHandler.swift; sourceTree = "<group>"; };
		CB7F1B7B24762C0E00783787 /* Info.plist */ = {isa = PBXFileReference; lastKnownFileType = text.plist.xml; path = Info.plist; sourceTree = "<group>"; };
		CB7F1B7C24762C0E00783787 /* Content_Blocker.entitlements */ = {isa = PBXFileReference; lastKnownFileType = text.plist.entitlements; path = Content_Blocker.entitlements; sourceTree = "<group>"; };
		CB7F1B8424762C6C00783787 /* BlockableElementRow.swift */ = {isa = PBXFileReference; lastKnownFileType = sourcecode.swift; path = BlockableElementRow.swift; sourceTree = "<group>"; };
/* End PBXFileReference section */

/* Begin PBXFrameworksBuildPhase section */
		CB7F1B5824762B9600783787 /* Frameworks */ = {
			isa = PBXFrameworksBuildPhase;
			buildActionMask = 2147483647;
			files = (
			);
			runOnlyForDeploymentPostprocessing = 0;
		};
		CB7F1B6F24762C0E00783787 /* Frameworks */ = {
			isa = PBXFrameworksBuildPhase;
			buildActionMask = 2147483647;
			files = (
				CB7F1B7524762C0E00783787 /* Cocoa.framework in Frameworks */,
			);
			runOnlyForDeploymentPostprocessing = 0;
		};
/* End PBXFrameworksBuildPhase section */

/* Begin PBXGroup section */
		CB7F1B5224762B9600783787 = {
			isa = PBXGroup;
			children = (
				CB7F1B5D24762B9600783787 /* Focus for YouTube */,
				CB7F1B7624762C0E00783787 /* Content Blocker */,
				CB7F1B7324762C0E00783787 /* Frameworks */,
				CB7F1B5C24762B9600783787 /* Products */,
			);
			sourceTree = "<group>";
		};
		CB7F1B5C24762B9600783787 /* Products */ = {
			isa = PBXGroup;
			children = (
				CB7F1B5B24762B9600783787 /* Focus for YouTube.app */,
				CB7F1B7224762C0E00783787 /* Content Blocker.appex */,
			);
			name = Products;
			sourceTree = "<group>";
		};
		CB7F1B5D24762B9600783787 /* Focus for YouTube */ = {
			isa = PBXGroup;
			children = (
				CB7F1B5E24762B9600783787 /* AppDelegate.swift */,
				CB7F1B6024762B9600783787 /* ViewController.swift */,
				CB7F1B8424762C6C00783787 /* BlockableElementRow.swift */,
				CB7F1B6224762B9700783787 /* Assets.xcassets */,
				CB7F1B6424762B9700783787 /* Main.storyboard */,
				CB7F1B6724762B9700783787 /* Info.plist */,
				CB7F1B6824762B9700783787 /* Focus_for_YouTube.entitlements */,
			);
			path = "Focus for YouTube";
			sourceTree = "<group>";
		};
		CB7F1B7324762C0E00783787 /* Frameworks */ = {
			isa = PBXGroup;
			children = (
				CB7F1B7424762C0E00783787 /* Cocoa.framework */,
			);
			name = Frameworks;
			sourceTree = "<group>";
		};
		CB7F1B7624762C0E00783787 /* Content Blocker */ = {
			isa = PBXGroup;
			children = (
				CB7F1B7724762C0E00783787 /* defaultBlockerList.json */,
				CB7F1B7924762C0E00783787 /* ContentBlockerRequestHandler.swift */,
				CB7F1B7B24762C0E00783787 /* Info.plist */,
				CB7F1B7C24762C0E00783787 /* Content_Blocker.entitlements */,
			);
			path = "Content Blocker";
			sourceTree = "<group>";
		};
/* End PBXGroup section */

/* Begin PBXNativeTarget section */
		CB7F1B5A24762B9600783787 /* Focus for YouTube */ = {
			isa = PBXNativeTarget;
			buildConfigurationList = CB7F1B6B24762B9700783787 /* Build configuration list for PBXNativeTarget "Focus for YouTube" */;
			buildPhases = (
				CB7F1B5724762B9600783787 /* Sources */,
				CB7F1B5824762B9600783787 /* Frameworks */,
				CB7F1B5924762B9600783787 /* Resources */,
				CB7F1B8324762C0E00783787 /* Embed App Extensions */,
			);
			buildRules = (
			);
			dependencies = (
				CB7F1B7E24762C0E00783787 /* PBXTargetDependency */,
			);
			name = "Focus for YouTube";
			productName = "Focus for YouTube";
			productReference = CB7F1B5B24762B9600783787 /* Focus for YouTube.app */;
			productType = "com.apple.product-type.application";
		};
		CB7F1B7124762C0E00783787 /* Content Blocker */ = {
			isa = PBXNativeTarget;
			buildConfigurationList = CB7F1B8024762C0E00783787 /* Build configuration list for PBXNativeTarget "Content Blocker" */;
			buildPhases = (
				CB7F1B6E24762C0E00783787 /* Sources */,
				CB7F1B6F24762C0E00783787 /* Frameworks */,
				CB7F1B7024762C0E00783787 /* Resources */,
			);
			buildRules = (
			);
			dependencies = (
			);
			name = "Content Blocker";
			productName = "Content Blocker";
			productReference = CB7F1B7224762C0E00783787 /* Content Blocker.appex */;
			productType = "com.apple.product-type.app-extension";
		};
/* End PBXNativeTarget section */

/* Begin PBXProject section */
		CB7F1B5324762B9600783787 /* Project object */ = {
			isa = PBXProject;
			attributes = {
				LastSwiftUpdateCheck = 1140;
				LastUpgradeCheck = 1140;
				ORGANIZATIONNAME = "Patrick Botros";
				TargetAttributes = {
					CB7F1B5A24762B9600783787 = {
						CreatedOnToolsVersion = 11.4.1;
					};
					CB7F1B7124762C0E00783787 = {
						CreatedOnToolsVersion = 11.4.1;
					};
				};
			};
			buildConfigurationList = CB7F1B5624762B9600783787 /* Build configuration list for PBXProject "Focus for YouTube" */;
			compatibilityVersion = "Xcode 9.3";
			developmentRegion = en;
			hasScannedForEncodings = 0;
			knownRegions = (
				en,
				Base,
			);
			mainGroup = CB7F1B5224762B9600783787;
			productRefGroup = CB7F1B5C24762B9600783787 /* Products */;
			projectDirPath = "";
			projectRoot = "";
			targets = (
				CB7F1B5A24762B9600783787 /* Focus for YouTube */,
				CB7F1B7124762C0E00783787 /* Content Blocker */,
			);
		};
/* End PBXProject section */

/* Begin PBXResourcesBuildPhase section */
		CB7F1B5924762B9600783787 /* Resources */ = {
			isa = PBXResourcesBuildPhase;
			buildActionMask = 2147483647;
			files = (
				CB7F1B6324762B9700783787 /* Assets.xcassets in Resources */,
				CB7F1B6624762B9700783787 /* Main.storyboard in Resources */,
			);
			runOnlyForDeploymentPostprocessing = 0;
		};
		CB7F1B7024762C0E00783787 /* Resources */ = {
			isa = PBXResourcesBuildPhase;
			buildActionMask = 2147483647;
			files = (
				CB7F1B7824762C0E00783787 /* defaultBlockerList.json in Resources */,
			);
			runOnlyForDeploymentPostprocessing = 0;
		};
/* End PBXResourcesBuildPhase section */

/* Begin PBXSourcesBuildPhase section */
		CB7F1B5724762B9600783787 /* Sources */ = {
			isa = PBXSourcesBuildPhase;
			buildActionMask = 2147483647;
			files = (
				CB7F1B8524762C6C00783787 /* BlockableElementRow.swift in Sources */,
				CB7F1B6124762B9600783787 /* ViewController.swift in Sources */,
				CB7F1B5F24762B9600783787 /* AppDelegate.swift in Sources */,
			);
			runOnlyForDeploymentPostprocessing = 0;
		};
		CB7F1B6E24762C0E00783787 /* Sources */ = {
			isa = PBXSourcesBuildPhase;
			buildActionMask = 2147483647;
			files = (
				CB7F1B7A24762C0E00783787 /* ContentBlockerRequestHandler.swift in Sources */,
			);
			runOnlyForDeploymentPostprocessing = 0;
		};
/* End PBXSourcesBuildPhase section */

/* Begin PBXTargetDependency section */
		CB7F1B7E24762C0E00783787 /* PBXTargetDependency */ = {
			isa = PBXTargetDependency;
			target = CB7F1B7124762C0E00783787 /* Content Blocker */;
			targetProxy = CB7F1B7D24762C0E00783787 /* PBXContainerItemProxy */;
		};
/* End PBXTargetDependency section */

/* Begin PBXVariantGroup section */
		CB7F1B6424762B9700783787 /* Main.storyboard */ = {
			isa = PBXVariantGroup;
			children = (
				CB7F1B6524762B9700783787 /* Base */,
			);
			name = Main.storyboard;
			sourceTree = "<group>";
		};
/* End PBXVariantGroup section */

/* Begin XCBuildConfiguration section */
		CB7F1B6924762B9700783787 /* Debug */ = {
			isa = XCBuildConfiguration;
			buildSettings = {
				ALWAYS_SEARCH_USER_PATHS = NO;
				CLANG_ANALYZER_NONNULL = YES;
				CLANG_ANALYZER_NUMBER_OBJECT_CONVERSION = YES_AGGRESSIVE;
				CLANG_CXX_LANGUAGE_STANDARD = "gnu++14";
				CLANG_CXX_LIBRARY = "libc++";
				CLANG_ENABLE_MODULES = YES;
				CLANG_ENABLE_OBJC_ARC = YES;
				CLANG_ENABLE_OBJC_WEAK = YES;
				CLANG_WARN_BLOCK_CAPTURE_AUTORELEASING = YES;
				CLANG_WARN_BOOL_CONVERSION = YES;
				CLANG_WARN_COMMA = YES;
				CLANG_WARN_CONSTANT_CONVERSION = YES;
				CLANG_WARN_DEPRECATED_OBJC_IMPLEMENTATIONS = YES;
				CLANG_WARN_DIRECT_OBJC_ISA_USAGE = YES_ERROR;
				CLANG_WARN_DOCUMENTATION_COMMENTS = YES;
				CLANG_WARN_EMPTY_BODY = YES;
				CLANG_WARN_ENUM_CONVERSION = YES;
				CLANG_WARN_INFINITE_RECURSION = YES;
				CLANG_WARN_INT_CONVERSION = YES;
				CLANG_WARN_NON_LITERAL_NULL_CONVERSION = YES;
				CLANG_WARN_OBJC_IMPLICIT_RETAIN_SELF = YES;
				CLANG_WARN_OBJC_LITERAL_CONVERSION = YES;
				CLANG_WARN_OBJC_ROOT_CLASS = YES_ERROR;
				CLANG_WARN_RANGE_LOOP_ANALYSIS = YES;
				CLANG_WARN_STRICT_PROTOTYPES = YES;
				CLANG_WARN_SUSPICIOUS_MOVE = YES;
				CLANG_WARN_UNGUARDED_AVAILABILITY = YES_AGGRESSIVE;
				CLANG_WARN_UNREACHABLE_CODE = YES;
				CLANG_WARN__DUPLICATE_METHOD_MATCH = YES;
				COPY_PHASE_STRIP = NO;
				DEBUG_INFORMATION_FORMAT = dwarf;
				ENABLE_STRICT_OBJC_MSGSEND = YES;
				ENABLE_TESTABILITY = YES;
				GCC_C_LANGUAGE_STANDARD = gnu11;
				GCC_DYNAMIC_NO_PIC = NO;
				GCC_NO_COMMON_BLOCKS = YES;
				GCC_OPTIMIZATION_LEVEL = 0;
				GCC_PREPROCESSOR_DEFINITIONS = (
					"DEBUG=1",
					"$(inherited)",
				);
				GCC_WARN_64_TO_32_BIT_CONVERSION = YES;
				GCC_WARN_ABOUT_RETURN_TYPE = YES_ERROR;
				GCC_WARN_UNDECLARED_SELECTOR = YES;
				GCC_WARN_UNINITIALIZED_AUTOS = YES_AGGRESSIVE;
				GCC_WARN_UNUSED_FUNCTION = YES;
				GCC_WARN_UNUSED_VARIABLE = YES;
				MACOSX_DEPLOYMENT_TARGET = 10.15;
				MTL_ENABLE_DEBUG_INFO = INCLUDE_SOURCE;
				MTL_FAST_MATH = YES;
				ONLY_ACTIVE_ARCH = YES;
				SDKROOT = macosx;
				SWIFT_ACTIVE_COMPILATION_CONDITIONS = DEBUG;
				SWIFT_OPTIMIZATION_LEVEL = "-Onone";
			};
			name = Debug;
		};
		CB7F1B6A24762B9700783787 /* Release */ = {
			isa = XCBuildConfiguration;
			buildSettings = {
				ALWAYS_SEARCH_USER_PATHS = NO;
				CLANG_ANALYZER_NONNULL = YES;
				CLANG_ANALYZER_NUMBER_OBJECT_CONVERSION = YES_AGGRESSIVE;
				CLANG_CXX_LANGUAGE_STANDARD = "gnu++14";
				CLANG_CXX_LIBRARY = "libc++";
				CLANG_ENABLE_MODULES = YES;
				CLANG_ENABLE_OBJC_ARC = YES;
				CLANG_ENABLE_OBJC_WEAK = YES;
				CLANG_WARN_BLOCK_CAPTURE_AUTORELEASING = YES;
				CLANG_WARN_BOOL_CONVERSION = YES;
				CLANG_WARN_COMMA = YES;
				CLANG_WARN_CONSTANT_CONVERSION = YES;
				CLANG_WARN_DEPRECATED_OBJC_IMPLEMENTATIONS = YES;
				CLANG_WARN_DIRECT_OBJC_ISA_USAGE = YES_ERROR;
				CLANG_WARN_DOCUMENTATION_COMMENTS = YES;
				CLANG_WARN_EMPTY_BODY = YES;
				CLANG_WARN_ENUM_CONVERSION = YES;
				CLANG_WARN_INFINITE_RECURSION = YES;
				CLANG_WARN_INT_CONVERSION = YES;
				CLANG_WARN_NON_LITERAL_NULL_CONVERSION = YES;
				CLANG_WARN_OBJC_IMPLICIT_RETAIN_SELF = YES;
				CLANG_WARN_OBJC_LITERAL_CONVERSION = YES;
				CLANG_WARN_OBJC_ROOT_CLASS = YES_ERROR;
				CLANG_WARN_RANGE_LOOP_ANALYSIS = YES;
				CLANG_WARN_STRICT_PROTOTYPES = YES;
				CLANG_WARN_SUSPICIOUS_MOVE = YES;
				CLANG_WARN_UNGUARDED_AVAILABILITY = YES_AGGRESSIVE;
				CLANG_WARN_UNREACHABLE_CODE = YES;
				CLANG_WARN__DUPLICATE_METHOD_MATCH = YES;
				COPY_PHASE_STRIP = NO;
				DEBUG_INFORMATION_FORMAT = "dwarf-with-dsym";
				ENABLE_NS_ASSERTIONS = NO;
				ENABLE_STRICT_OBJC_MSGSEND = YES;
				GCC_C_LANGUAGE_STANDARD = gnu11;
				GCC_NO_COMMON_BLOCKS = YES;
				GCC_WARN_64_TO_32_BIT_CONVERSION = YES;
				GCC_WARN_ABOUT_RETURN_TYPE = YES_ERROR;
				GCC_WARN_UNDECLARED_SELECTOR = YES;
				GCC_WARN_UNINITIALIZED_AUTOS = YES_AGGRESSIVE;
				GCC_WARN_UNUSED_FUNCTION = YES;
				GCC_WARN_UNUSED_VARIABLE = YES;
				MACOSX_DEPLOYMENT_TARGET = 10.15;
				MTL_ENABLE_DEBUG_INFO = NO;
				MTL_FAST_MATH = YES;
				SDKROOT = macosx;
				SWIFT_COMPILATION_MODE = wholemodule;
				SWIFT_OPTIMIZATION_LEVEL = "-O";
			};
			name = Release;
		};
		CB7F1B6C24762B9700783787 /* Debug */ = {
			isa = XCBuildConfiguration;
			buildSettings = {
				ALWAYS_EMBED_SWIFT_STANDARD_LIBRARIES = YES;
				ASSETCATALOG_COMPILER_APPICON_NAME = AppIcon;
				CODE_SIGN_ENTITLEMENTS = "Focus for YouTube/Focus_for_YouTube.entitlements";
				CODE_SIGN_STYLE = Automatic;
				COMBINE_HIDPI_IMAGES = YES;
				DEVELOPMENT_TEAM = L27L4K8SQU;
				ENABLE_HARDENED_RUNTIME = YES;
				INFOPLIST_FILE = "Focus for YouTube/Info.plist";
				LD_RUNPATH_SEARCH_PATHS = (
					"$(inherited)",
					"@executable_path/../Frameworks",
				);
				PRODUCT_BUNDLE_IDENTIFIER = "shockerella.Focus-for-YouTube";
				PRODUCT_NAME = "$(TARGET_NAME)";
				SWIFT_VERSION = 5.0;
			};
			name = Debug;
		};
		CB7F1B6D24762B9700783787 /* Release */ = {
			isa = XCBuildConfiguration;
			buildSettings = {
				ALWAYS_EMBED_SWIFT_STANDARD_LIBRARIES = YES;
				ASSETCATALOG_COMPILER_APPICON_NAME = AppIcon;
				CODE_SIGN_ENTITLEMENTS = "Focus for YouTube/Focus_for_YouTube.entitlements";
				CODE_SIGN_STYLE = Automatic;
				COMBINE_HIDPI_IMAGES = YES;
				DEVELOPMENT_TEAM = L27L4K8SQU;
				ENABLE_HARDENED_RUNTIME = YES;
				INFOPLIST_FILE = "Focus for YouTube/Info.plist";
				LD_RUNPATH_SEARCH_PATHS = (
					"$(inherited)",
					"@executable_path/../Frameworks",
				);
				PRODUCT_BUNDLE_IDENTIFIER = "shockerella.Focus-for-YouTube";
				PRODUCT_NAME = "$(TARGET_NAME)";
				SWIFT_VERSION = 5.0;
			};
			name = Release;
		};
		CB7F1B8124762C0E00783787 /* Debug */ = {
			isa = XCBuildConfiguration;
			buildSettings = {
				CODE_SIGN_ENTITLEMENTS = "Content Blocker/Content_Blocker.entitlements";
				CODE_SIGN_STYLE = Automatic;
				DEVELOPMENT_TEAM = L27L4K8SQU;
				ENABLE_HARDENED_RUNTIME = YES;
				INFOPLIST_FILE = "Content Blocker/Info.plist";
				LD_RUNPATH_SEARCH_PATHS = (
					"$(inherited)",
					"@executable_path/../Frameworks",
					"@executable_path/../../../../Frameworks",
				);
				PRODUCT_BUNDLE_IDENTIFIER = "shockerella.Focus-for-YouTube.Content-Blocker";
				PRODUCT_NAME = "$(TARGET_NAME)";
				SKIP_INSTALL = YES;
				SWIFT_VERSION = 5.0;
			};
			name = Debug;
		};
		CB7F1B8224762C0E00783787 /* Release */ = {
			isa = XCBuildConfiguration;
			buildSettings = {
				CODE_SIGN_ENTITLEMENTS = "Content Blocker/Content_Blocker.entitlements";
				CODE_SIGN_STYLE = Automatic;
				DEVELOPMENT_TEAM = L27L4K8SQU;
				ENABLE_HARDENED_RUNTIME = YES;
				INFOPLIST_FILE = "Content Blocker/Info.plist";
				LD_RUNPATH_SEARCH_PATHS = (
					"$(inherited)",
					"@executable_path/../Frameworks",
					"@executable_path/../../../../Frameworks",
				);
				PRODUCT_BUNDLE_IDENTIFIER = "shockerella.Focus-for-YouTube.Content-Blocker";
				PRODUCT_NAME = "$(TARGET_NAME)";
				SKIP_INSTALL = YES;
				SWIFT_VERSION = 5.0;
			};
			name = Release;
		};
/* End XCBuildConfiguration section */

/* Begin XCConfigurationList section */
		CB7F1B5624762B9600783787 /* Build configuration list for PBXProject "Focus for YouTube" */ = {
			isa = XCConfigurationList;
			buildConfigurations = (
				CB7F1B6924762B9700783787 /* Debug */,
				CB7F1B6A24762B9700783787 /* Release */,
			);
			defaultConfigurationIsVisible = 0;
			defaultConfigurationName = Release;
		};
		CB7F1B6B24762B9700783787 /* Build configuration list for PBXNativeTarget "Focus for YouTube" */ = {
			isa = XCConfigurationList;
			buildConfigurations = (
				CB7F1B6C24762B9700783787 /* Debug */,
				CB7F1B6D24762B9700783787 /* Release */,
			);
			defaultConfigurationIsVisible = 0;
			defaultConfigurationName = Release;
		};
		CB7F1B8024762C0E00783787 /* Build configuration list for PBXNativeTarget "Content Blocker" */ = {
			isa = XCConfigurationList;
			buildConfigurations = (
				CB7F1B8124762C0E00783787 /* Debug */,
				CB7F1B8224762C0E00783787 /* Release */,
			);
			defaultConfigurationIsVisible = 0;
			defaultConfigurationName = Release;
		};
/* End XCConfigurationList section */
	};
	rootObject = CB7F1B5324762B9600783787 /* Project object */;
}
